
Microsoft Visual Studio Solution File, Format Version 12.00
# Visual Studio Version 16
VisualStudioVersion = 16.0.30011.22
MinimumVisualStudioVersion = 10.0.40219.1
Project("{FAE04EC0-301F-11D3-BF4B-00C04F79EFBC}") = "APBD_cw13", "APBD_cw13\APBD_cw13.csproj", "{46740131-07C3-4435-9540-87EC4DB0873C}"
EndProject
Global
	GlobalSection(SolutionConfigurationPlatforms) = preSolution
		Debug|Any CPU = Debug|Any CPU
		Release|Any CPU = Release|Any CPU
	EndGlobalSection
	GlobalSection(ProjectConfigurationPlatforms) = postSolution
		{46740131-07C3-4435-9540-87EC4DB0873C}.Debug|Any CPU.ActiveCfg = Debug|Any CPU
		{46740131-07C3-4435-9540-87EC4DB0873C}.Debug|Any CPU.Build.0 = Debug|Any CPU
		{46740131-07C3-4435-9540-87EC4DB0873C}.Release|Any CPU.ActiveCfg = Release|Any CPU
		{46740131-07C3-4435-9540-87EC4DB0873C}.Release|Any CPU.Build.0 = Release|Any CPU
	EndGlobalSection
	GlobalSection(SolutionProperties) = preSolution
		HideSolutionNode = FALSE
	EndGlobalSection
	GlobalSection(ExtensibilityGlobals) = postSolution
		SolutionGuid = {A49FF075-87AB-4666-B08F-48DA7658894E}
	EndGlobalSection
EndGlobal
